dependencies:
- name: postgresql-ha
  repository: https://charts.bitnami.com/bitnami
  version: 13.2.4
- name: redis
  repository: https://charts.bitnami.com/bitnami
  version: 23.1.3
- name: kafka
  repository: https://charts.bitnami.com/bitnami
  version: 27.1.0
- name: vault
  repository: https://helm.releases.hashicorp.com
  version: 0.27.0
- name: prometheus
  repository: https://prometheus-community.github.io/helm-charts
  version: 25.7.0
- name: grafana
  repository: https://grafana.github.io/helm-charts
  version: 8.5.1
- name: qdrant
  repository: https://qdrant.github.io/qdrant-helm
  version: 0.8.4
digest: sha256:b992c622ebf210b56bf422dcabf4fd6863f6171b3330672abaf5524ce0e6122b
generated: "2025-10-12T18:45:33.564248-05:00"
